
Microsoft Visual Studio Solution File, Format Version 12.00
# Visual Studio Version 17
VisualStudioVersion = 17.0.31903.59
MinimumVisualStudioVersion = 10.0.40219.1
Project("{2150E333-8FDC-42A3-9474-1A3956D46DE8}") = "src", "src", "{827E0CD3-B72D-47B6-A68D-7590B98EB39B}"
EndProject
Project("{FAE04EC0-301F-11D3-BF4B-00C04F79EFBC}") = "SeriesScraper.Domain", "src\SeriesScraper.Domain\SeriesScraper.Domain.csproj", "{46BD636C-50B2-474F-9058-616CAF6EEBF8}"
EndProject
Project("{FAE04EC0-301F-11D3-BF4B-00C04F79EFBC}") = "SeriesScraper.Application", "src\SeriesScraper.Application\SeriesScraper.Application.csproj", "{385C1C93-5739-4014-B08E-BB44D6FAB793}"
EndProject
Project("{FAE04EC0-301F-11D3-BF4B-00C04F79EFBC}") = "SeriesScraper.Infrastructure", "src\SeriesScraper.Infrastructure\SeriesScraper.Infrastructure.csproj", "{FDB1267A-46C9-4793-9AB4-F49BE91D4656}"
EndProject
Project("{FAE04EC0-301F-11D3-BF4B-00C04F79EFBC}") = "SeriesScraper.Web", "src\SeriesScraper.Web\SeriesScraper.Web.csproj", "{1D58E8B5-6F13-4242-B7B1-EC2A5B0A8BAF}"
EndProject
Project("{FAE04EC0-301F-11D3-BF4B-00C04F79EFBC}") = "SeriesScraper.Domain.Tests", "tests\SeriesScraper.Domain.Tests\SeriesScraper.Domain.Tests.csproj", "{A40CC130-E9B3-4894-AC45-F473A77EA959}"
EndProject
Project("{FAE04EC0-301F-11D3-BF4B-00C04F79EFBC}") = "SeriesScraper.Application.Tests", "tests\SeriesScraper.Application.Tests\SeriesScraper.Application.Tests.csproj", "{6492F52E-CBD3-4A7D-B1DD-B40A381D3193}"
EndProject
Project("{FAE04EC0-301F-11D3-BF4B-00C04F79EFBC}") = "SeriesScraper.Infrastructure.Tests", "tests\SeriesScraper.Infrastructure.Tests\SeriesScraper.Infrastructure.Tests.csproj", "{28AD1647-C7DC-4A82-A3BD-2BFAB020B2E7}"
EndProject
Project("{FAE04EC0-301F-11D3-BF4B-00C04F79EFBC}") = "SeriesScraper.Web.Tests", "tests\SeriesScraper.Web.Tests\SeriesScraper.Web.Tests.csproj", "{C71D1D88-89C4-4158-B879-ACCAAE9B8DF1}"
EndProject
Global
	GlobalSection(SolutionConfigurationPlatforms) = preSolution
		Debug|Any CPU = Debug|Any CPU
		Debug|x64 = Debug|x64
		Debug|x86 = Debug|x86
		Release|Any CPU = Release|Any CPU
		Release|x64 = Release|x64
		Release|x86 = Release|x86
	EndGlobalSection
	GlobalSection(ProjectConfigurationPlatforms) = postSolution
		{46BD636C-50B2-474F-9058-616CAF6EEBF8}.Debug|Any CPU.ActiveCfg = Debug|Any CPU
		{46BD636C-50B2-474F-9058-616CAF6EEBF8}.Debug|Any CPU.Build.0 = Debug|Any CPU
		{46BD636C-50B2-474F-9058-616CAF6EEBF8}.Debug|x64.ActiveCfg = Debug|Any CPU
		{46BD636C-50B2-474F-9058-616CAF6EEBF8}.Debug|x64.Build.0 = Debug|Any CPU
		{46BD636C-50B2-474F-9058-616CAF6EEBF8}.Debug|x86.ActiveCfg = Debug|Any CPU
		{46BD636C-50B2-474F-9058-616CAF6EEBF8}.Debug|x86.Build.0 = Debug|Any CPU
		{46BD636C-50B2-474F-9058-616CAF6EEBF8}.Release|Any CPU.ActiveCfg = Release|Any CPU
		{46BD636C-50B2-474F-9058-616CAF6EEBF8}.Release|Any CPU.Build.0 = Release|Any CPU
		{46BD636C-50B2-474F-9058-616CAF6EEBF8}.Release|x64.ActiveCfg = Release|Any CPU
		{46BD636C-50B2-474F-9058-616CAF6EEBF8}.Release|x64.Build.0 = Release|Any CPU
		{46BD636C-50B2-474F-9058-616CAF6EEBF8}.Release|x86.ActiveCfg = Release|Any CPU
		{46BD636C-50B2-474F-9058-616CAF6EEBF8}.Release|x86.Build.0 = Release|Any CPU
		{385C1C93-5739-4014-B08E-BB44D6FAB793}.Debug|Any CPU.ActiveCfg = Debug|Any CPU
		{385C1C93-5739-4014-B08E-BB44D6FAB793}.Debug|Any CPU.Build.0 = Debug|Any CPU
		{385C1C93-5739-4014-B08E-BB44D6FAB793}.Debug|x64.ActiveCfg = Debug|Any CPU
		{385C1C93-5739-4014-B08E-BB44D6FAB793}.Debug|x64.Build.0 = Debug|Any CPU
		{385C1C93-5739-4014-B08E-BB44D6FAB793}.Debug|x86.ActiveCfg = Debug|Any CPU
		{385C1C93-5739-4014-B08E-BB44D6FAB793}.Debug|x86.Build.0 = Debug|Any CPU
		{385C1C93-5739-4014-B08E-BB44D6FAB793}.Release|Any CPU.ActiveCfg = Release|Any CPU
		{385C1C93-5739-4014-B08E-BB44D6FAB793}.Release|Any CPU.Build.0 = Release|Any CPU
		{385C1C93-5739-4014-B08E-BB44D6FAB793}.Release|x64.ActiveCfg = Release|Any CPU
		{385C1C93-5739-4014-B08E-BB44D6FAB793}.Release|x64.Build.0 = Release|Any CPU
		{385C1C93-5739-4014-B08E-BB44D6FAB793}.Release|x86.ActiveCfg = Release|Any CPU
		{385C1C93-5739-4014-B08E-BB44D6FAB793}.Release|x86.Build.0 = Release|Any CPU
		{FDB1267A-46C9-4793-9AB4-F49BE91D4656}.Debug|Any CPU.ActiveCfg = Debug|Any CPU
		{FDB1267A-46C9-4793-9AB4-F49BE91D4656}.Debug|Any CPU.Build.0 = Debug|Any CPU
		{FDB1267A-46C9-4793-9AB4-F49BE91D4656}.Debug|x64.ActiveCfg = Debug|Any CPU
		{FDB1267A-46C9-4793-9AB4-F49BE91D4656}.Debug|x64.Build.0 = Debug|Any CPU
		{FDB1267A-46C9-4793-9AB4-F49BE91D4656}.Debug|x86.ActiveCfg = Debug|Any CPU
		{FDB1267A-46C9-4793-9AB4-F49BE91D4656}.Debug|x86.Build.0 = Debug|Any CPU
		{FDB1267A-46C9-4793-9AB4-F49BE91D4656}.Release|Any CPU.ActiveCfg = Release|Any CPU
		{FDB1267A-46C9-4793-9AB4-F49BE91D4656}.Release|Any CPU.Build.0 = Release|Any CPU
		{FDB1267A-46C9-4793-9AB4-F49BE91D4656}.Release|x64.ActiveCfg = Release|Any CPU
		{FDB1267A-46C9-4793-9AB4-F49BE91D4656}.Release|x64.Build.0 = Release|Any CPU
		{FDB1267A-46C9-4793-9AB4-F49BE91D4656}.Release|x86.ActiveCfg = Release|Any CPU
		{FDB1267A-46C9-4793-9AB4-F49BE91D4656}.Release|x86.Build.0 = Release|Any CPU
		{1D58E8B5-6F13-4242-B7B1-EC2A5B0A8BAF}.Debug|Any CPU.ActiveCfg = Debug|Any CPU
		{1D58E8B5-6F13-4242-B7B1-EC2A5B0A8BAF}.Debug|Any CPU.Build.0 = Debug|Any CPU
		{1D58E8B5-6F13-4242-B7B1-EC2A5B0A8BAF}.Debug|x64.ActiveCfg = Debug|Any CPU
		{1D58E8B5-6F13-4242-B7B1-EC2A5B0A8BAF}.Debug|x64.Build.0 = Debug|Any CPU
		{1D58E8B5-6F13-4242-B7B1-EC2A5B0A8BAF}.Debug|x86.ActiveCfg = Debug|Any CPU
		{1D58E8B5-6F13-4242-B7B1-EC2A5B0A8BAF}.Debug|x86.Build.0 = Debug|Any CPU
		{1D58E8B5-6F13-4242-B7B1-EC2A5B0A8BAF}.Release|Any CPU.ActiveCfg = Release|Any CPU
		{1D58E8B5-6F13-4242-B7B1-EC2A5B0A8BAF}.Release|Any CPU.Build.0 = Release|Any CPU
		{1D58E8B5-6F13-4242-B7B1-EC2A5B0A8BAF}.Release|x64.ActiveCfg = Release|Any CPU
		{1D58E8B5-6F13-4242-B7B1-EC2A5B0A8BAF}.Release|x64.Build.0 = Release|Any CPU
		{1D58E8B5-6F13-4242-B7B1-EC2A5B0A8BAF}.Release|x86.ActiveCfg = Release|Any CPU
		{1D58E8B5-6F13-4242-B7B1-EC2A5B0A8BAF}.Release|x86.Build.0 = Release|Any CPU
		{A40CC130-E9B3-4894-AC45-F473A77EA959}.Debug|Any CPU.ActiveCfg = Debug|Any CPU
		{A40CC130-E9B3-4894-AC45-F473A77EA959}.Debug|Any CPU.Build.0 = Debug|Any CPU
		{A40CC130-E9B3-4894-AC45-F473A77EA959}.Debug|x64.ActiveCfg = Debug|Any CPU
		{A40CC130-E9B3-4894-AC45-F473A77EA959}.Debug|x64.Build.0 = Debug|Any CPU
		{A40CC130-E9B3-4894-AC45-F473A77EA959}.Debug|x86.ActiveCfg = Debug|Any CPU
		{A40CC130-E9B3-4894-AC45-F473A77EA959}.Debug|x86.Build.0 = Debug|Any CPU
		{A40CC130-E9B3-4894-AC45-F473A77EA959}.Release|Any CPU.ActiveCfg = Release|Any CPU
		{A40CC130-E9B3-4894-AC45-F473A77EA959}.Release|Any CPU.Build.0 = Release|Any CPU
		{A40CC130-E9B3-4894-AC45-F473A77EA959}.Release|x64.ActiveCfg = Release|Any CPU
		{A40CC130-E9B3-4894-AC45-F473A77EA959}.Release|x64.Build.0 = Release|Any CPU
		{A40CC130-E9B3-4894-AC45-F473A77EA959}.Release|x86.ActiveCfg = Release|Any CPU
		{A40CC130-E9B3-4894-AC45-F473A77EA959}.Release|x86.Build.0 = Release|Any CPU
		{6492F52E-CBD3-4A7D-B1DD-B40A381D3193}.Debug|Any CPU.ActiveCfg = Debug|Any CPU
		{6492F52E-CBD3-4A7D-B1DD-B40A381D3193}.Debug|Any CPU.Build.0 = Debug|Any CPU
		{6492F52E-CBD3-4A7D-B1DD-B40A381D3193}.Debug|x64.ActiveCfg = Debug|Any CPU
		{6492F52E-CBD3-4A7D-B1DD-B40A381D3193}.Debug|x64.Build.0 = Debug|Any CPU
		{6492F52E-CBD3-4A7D-B1DD-B40A381D3193}.Debug|x86.ActiveCfg = Debug|Any CPU
		{6492F52E-CBD3-4A7D-B1DD-B40A381D3193}.Debug|x86.Build.0 = Debug|Any CPU
		{6492F52E-CBD3-4A7D-B1DD-B40A381D3193}.Release|Any CPU.ActiveCfg = Release|Any CPU
		{6492F52E-CBD3-4A7D-B1DD-B40A381D3193}.Release|Any CPU.Build.0 = Release|Any CPU
		{6492F52E-CBD3-4A7D-B1DD-B40A381D3193}.Release|x64.ActiveCfg = Release|Any CPU
		{6492F52E-CBD3-4A7D-B1DD-B40A381D3193}.Release|x64.Build.0 = Release|Any CPU
		{6492F52E-CBD3-4A7D-B1DD-B40A381D3193}.Release|x86.ActiveCfg = Release|Any CPU
		{6492F52E-CBD3-4A7D-B1DD-B40A381D3193}.Release|x86.Build.0 = Release|Any CPU
		{28AD1647-C7DC-4A82-A3BD-2BFAB020B2E7}.Debug|Any CPU.ActiveCfg = Debug|Any CPU
		{28AD1647-C7DC-4A82-A3BD-2BFAB020B2E7}.Debug|Any CPU.Build.0 = Debug|Any CPU
		{28AD1647-C7DC-4A82-A3BD-2BFAB020B2E7}.Debug|x64.ActiveCfg = Debug|Any CPU
		{28AD1647-C7DC-4A82-A3BD-2BFAB020B2E7}.Debug|x64.Build.0 = Debug|Any CPU
		{28AD1647-C7DC-4A82-A3BD-2BFAB020B2E7}.Debug|x86.ActiveCfg = Debug|Any CPU
		{28AD1647-C7DC-4A82-A3BD-2BFAB020B2E7}.Debug|x86.Build.0 = Debug|Any CPU
		{28AD1647-C7DC-4A82-A3BD-2BFAB020B2E7}.Release|Any CPU.ActiveCfg = Release|Any CPU
		{28AD1647-C7DC-4A82-A3BD-2BFAB020B2E7}.Release|Any CPU.Build.0 = Release|Any CPU
		{28AD1647-C7DC-4A82-A3BD-2BFAB020B2E7}.Release|x64.ActiveCfg = Release|Any CPU
		{28AD1647-C7DC-4A82-A3BD-2BFAB020B2E7}.Release|x64.Build.0 = Release|Any CPU
		{28AD1647-C7DC-4A82-A3BD-2BFAB020B2E7}.Release|x86.ActiveCfg = Release|Any CPU
		{28AD1647-C7DC-4A82-A3BD-2BFAB020B2E7}.Release|x86.Build.0 = Release|Any CPU
		{C71D1D88-89C4-4158-B879-ACCAAE9B8DF1}.Debug|Any CPU.ActiveCfg = Debug|Any CPU
		{C71D1D88-89C4-4158-B879-ACCAAE9B8DF1}.Debug|Any CPU.Build.0 = Debug|Any CPU
		{C71D1D88-89C4-4158-B879-ACCAAE9B8DF1}.Debug|x64.ActiveCfg = Debug|Any CPU
		{C71D1D88-89C4-4158-B879-ACCAAE9B8DF1}.Debug|x64.Build.0 = Debug|Any CPU
		{C71D1D88-89C4-4158-B879-ACCAAE9B8DF1}.Debug|x86.ActiveCfg = Debug|Any CPU
		{C71D1D88-89C4-4158-B879-ACCAAE9B8DF1}.Debug|x86.Build.0 = Debug|Any CPU
		{C71D1D88-89C4-4158-B879-ACCAAE9B8DF1}.Release|Any CPU.ActiveCfg = Release|Any CPU
		{C71D1D88-89C4-4158-B879-ACCAAE9B8DF1}.Release|Any CPU.Build.0 = Release|Any CPU
		{C71D1D88-89C4-4158-B879-ACCAAE9B8DF1}.Release|x64.ActiveCfg = Release|Any CPU
		{C71D1D88-89C4-4158-B879-ACCAAE9B8DF1}.Release|x64.Build.0 = Release|Any CPU
		{C71D1D88-89C4-4158-B879-ACCAAE9B8DF1}.Release|x86.ActiveCfg = Release|Any CPU
		{C71D1D88-89C4-4158-B879-ACCAAE9B8DF1}.Release|x86.Build.0 = Release|Any CPU
	EndGlobalSection
	GlobalSection(SolutionProperties) = preSolution
		HideSolutionNode = FALSE
	EndGlobalSection
	GlobalSection(NestedProjects) = preSolution
		{46BD636C-50B2-474F-9058-616CAF6EEBF8} = {827E0CD3-B72D-47B6-A68D-7590B98EB39B}
		{385C1C93-5739-4014-B08E-BB44D6FAB793} = {827E0CD3-B72D-47B6-A68D-7590B98EB39B}
		{FDB1267A-46C9-4793-9AB4-F49BE91D4656} = {827E0CD3-B72D-47B6-A68D-7590B98EB39B}
		{1D58E8B5-6F13-4242-B7B1-EC2A5B0A8BAF} = {827E0CD3-B72D-47B6-A68D-7590B98EB39B}
		{A40CC130-E9B3-4894-AC45-F473A77EA959} = {827E0CD3-B72D-47B6-A68D-7590B98EB39B}
		{6492F52E-CBD3-4A7D-B1DD-B40A381D3193} = {827E0CD3-B72D-47B6-A68D-7590B98EB39B}
		{28AD1647-C7DC-4A82-A3BD-2BFAB020B2E7} = {827E0CD3-B72D-47B6-A68D-7590B98EB39B}
		{C71D1D88-89C4-4158-B879-ACCAAE9B8DF1} = {827E0CD3-B72D-47B6-A68D-7590B98EB39B}
	EndGlobalSection
EndGlobal
